
Microsoft Visual Studio Solution File, Format Version 12.00
# Visual Studio Version 18
VisualStudioVersion = 18.6.11819.183 stable
MinimumVisualStudioVersion = 10.0.40219.1
Project("{FAE04EC0-301F-11D3-BF4B-00C04F79EFBC}") = "IndustrialMonitor", "IndustrialMonitor.csproj", "{10615C7C-067D-023C-C935-8555F47CFA61}"
EndProject
Global
	GlobalSection(SolutionConfigurationPlatforms) = preSolution
		Debug|Any CPU = Debug|Any CPU
		Release|Any CPU = Release|Any CPU
	EndGlobalSection
	GlobalSection(ProjectConfigurationPlatforms) = postSolution
		{10615C7C-067D-023C-C935-8555F47CFA61}.Debug|Any CPU.ActiveCfg = Debug|Any CPU
		{10615C7C-067D-023C-C935-8555F47CFA61}.Debug|Any CPU.Build.0 = Debug|Any CPU
		{10615C7C-067D-023C-C935-8555F47CFA61}.Release|Any CPU.ActiveCfg = Release|Any CPU
		{10615C7C-067D-023C-C935-8555F47CFA61}.Release|Any CPU.Build.0 = Release|Any CPU
	EndGlobalSection
	GlobalSection(SolutionProperties) = preSolution
		HideSolutionNode = FALSE
	EndGlobalSection
	GlobalSection(ExtensibilityGlobals) = postSolution
		SolutionGuid = {C38B7A4A-D69D-4F6E-A739-3A93A89872B6}
	EndGlobalSection
EndGlobal
